// !$*UTF8*$!
{
	archiveVersion = 1;
	classes = {
	};
	objectVersion = 56;
	objects = {

/* Begin PBXBuildFile section */
		EB9CC4CE2C189C1800242E9C /* Coffe_GuideApp.swift in Sources */ = {isa = PBXBuildFile; fileRef = EB9CC4CD2C189C1800242E9C /* Coffe_GuideApp.swift */; };
		EB9CC4D02C189C1800242E9C /* CoffeeTypesListView.swift in Sources */ = {isa = PBXBuildFile; fileRef = EB9CC4CF2C189C1800242E9C /* CoffeeTypesListView.swift */; };
		EB9CC4D22C189C1900242E9C /* Assets.xcassets in Resources */ = {isa = PBXBuildFile; fileRef = EB9CC4D12C189C1900242E9C /* Assets.xcassets */; };
		EB9CC4D52C189C1900242E9C /* Preview Assets.xcassets in Resources */ = {isa = PBXBuildFile; fileRef = EB9CC4D42C189C1900242E9C /* Preview Assets.xcassets */; };
		EBA116132C29BA1B006ACA66 /* Recipe.swift in Sources */ = {isa = PBXBuildFile; fileRef = EBA116122C29BA1B006ACA66 /* Recipe.swift */; };
		EBA116152C29BA35006ACA66 /* Coffee.swift in Sources */ = {isa = PBXBuildFile; fileRef = EBA116142C29BA35006ACA66 /* Coffee.swift */; };
		EBA116172C29BA42006ACA66 /* CoffeType.swift in Sources */ = {isa = PBXBuildFile; fileRef = EBA116162C29BA42006ACA66 /* CoffeType.swift */; };
		EBA116192C29BAB3006ACA66 /* CoffeViewModel.swift in Sources */ = {isa = PBXBuildFile; fileRef = EBA116182C29BAB3006ACA66 /* CoffeViewModel.swift */; };
		EBA1161B2C29BC3D006ACA66 /* CoffeListView.swift in Sources */ = {isa = PBXBuildFile; fileRef = EBA1161A2C29BC3D006ACA66 /* CoffeListView.swift */; };
		EBA1161D2C29BCC1006ACA66 /* RecipeDetailView.swift in Sources */ = {isa = PBXBuildFile; fileRef = EBA1161C2C29BCC1006ACA66 /* RecipeDetailView.swift */; };
/* End PBXBuildFile section */

/* Begin PBXFileReference section */
		EB9CC4CA2C189C1800242E9C /* Coffe Guide.app */ = {isa = PBXFileReference; explicitFileType = wrapper.application; includeInIndex = 0; path = "Coffe Guide.app"; sourceTree = BUILT_PRODUCTS_DIR; };
		EB9CC4CD2C189C1800242E9C /* Coffe_GuideApp.swift */ = {isa = PBXFileReference; lastKnownFileType = sourcecode.swift; path = Coffe_GuideApp.swift; sourceTree = "<group>"; };
		EB9CC4CF2C189C1800242E9C /* CoffeeTypesListView.swift */ = {isa = PBXFileReference; lastKnownFileType = sourcecode.swift; path = CoffeeTypesListView.swift; sourceTree = "<group>"; };
		EB9CC4D12C189C1900242E9C /* Assets.xcassets */ = {isa = PBXFileReference; lastKnownFileType = folder.assetcatalog; path = Assets.xcassets; sourceTree = "<group>"; };
		EB9CC4D42C189C1900242E9C /* Preview Assets.xcassets */ = {isa = PBXFileReference; lastKnownFileType = folder.assetcatalog; path = "Preview Assets.xcassets"; sourceTree = "<group>"; };
		EBA116122C29BA1B006ACA66 /* Recipe.swift */ = {isa = PBXFileReference; lastKnownFileType = sourcecode.swift; path = Recipe.swift; sourceTree = "<group>"; };
		EBA116142C29BA35006ACA66 /* Coffee.swift */ = {isa = PBXFileReference; lastKnownFileType = sourcecode.swift; path = Coffee.swift; sourceTree = "<group>"; };
		EBA116162C29BA42006ACA66 /* CoffeType.swift */ = {isa = PBXFileReference; lastKnownFileType = sourcecode.swift; path = CoffeType.swift; sourceTree = "<group>"; };
		EBA116182C29BAB3006ACA66 /* CoffeViewModel.swift */ = {isa = PBXFileReference; lastKnownFileType = sourcecode.swift; path = CoffeViewModel.swift; sourceTree = "<group>"; };
		EBA1161A2C29BC3D006ACA66 /* CoffeListView.swift */ = {isa = PBXFileReference; lastKnownFileType = sourcecode.swift; path = CoffeListView.swift; sourceTree = "<group>"; };
		EBA1161C2C29BCC1006ACA66 /* RecipeDetailView.swift */ = {isa = PBXFileReference; lastKnownFileType = sourcecode.swift; path = RecipeDetailView.swift; sourceTree = "<group>"; };
/* End PBXFileReference section */

/* Begin PBXFrameworksBuildPhase section */
		EB9CC4C72C189C1800242E9C /* Frameworks */ = {
			isa = PBXFrameworksBuildPhase;
			buildActionMask = 2147483647;
			files = (
			);
			runOnlyForDeploymentPostprocessing = 0;
		};
/* End PBXFrameworksBuildPhase section */

/* Begin PBXGroup section */
		EB9CC4C12C189C1800242E9C = {
			isa = PBXGroup;
			children = (
				EB9CC4CC2C189C1800242E9C /* Coffe Guide */,
				EB9CC4CB2C189C1800242E9C /* Products */,
			);
			sourceTree = "<group>";
		};
		EB9CC4CB2C189C1800242E9C /* Products */ = {
			isa = PBXGroup;
			children = (
				EB9CC4CA2C189C1800242E9C /* Coffe Guide.app */,
			);
			name = Products;
			sourceTree = "<group>";
		};
		EB9CC4CC2C189C1800242E9C /* Coffe Guide */ = {
			isa = PBXGroup;
			children = (
				EBA116112C29BA01006ACA66 /* Model */,
				EB9CC4CD2C189C1800242E9C /* Coffe_GuideApp.swift */,
				EBA116182C29BAB3006ACA66 /* CoffeViewModel.swift */,
				EB9CC4CF2C189C1800242E9C /* CoffeeTypesListView.swift */,
				EBA1161A2C29BC3D006ACA66 /* CoffeListView.swift */,
				EBA1161C2C29BCC1006ACA66 /* RecipeDetailView.swift */,
				EB9CC4D12C189C1900242E9C /* Assets.xcassets */,
				EB9CC4D32C189C1900242E9C /* Preview Content */,
			);
			path = "Coffe Guide";
			sourceTree = "<group>";
		};
		EB9CC4D32C189C1900242E9C /* Preview Content */ = {
			isa = PBXGroup;
			children = (
				EB9CC4D42C189C1900242E9C /* Preview Assets.xcassets */,
			);
			path = "Preview Content";
			sourceTree = "<group>";
		};
		EBA116112C29BA01006ACA66 /* Model */ = {
			isa = PBXGroup;
			children = (
				EBA116122C29BA1B006ACA66 /* Recipe.swift */,
				EBA116142C29BA35006ACA66 /* Coffee.swift */,
				EBA116162C29BA42006ACA66 /* CoffeType.swift */,
			);
			path = Model;
			sourceTree = "<group>";
		};
/* End PBXGroup section */

/* Begin PBXNativeTarget section */
		EB9CC4C92C189C1800242E9C /* Coffe Guide */ = {
			isa = PBXNativeTarget;
			buildConfigurationList = EB9CC4D82C189C1900242E9C /* Build configuration list for PBXNativeTarget "Coffe Guide" */;
			buildPhases = (
				EB9CC4C62C189C1800242E9C /* Sources */,
				EB9CC4C72C189C1800242E9C /* Frameworks */,
				EB9CC4C82C189C1800242E9C /* Resources */,
			);
			buildRules = (
			);
			dependencies = (
			);
			name = "Coffe Guide";
			productName = "Coffe Guide";
			productReference = EB9CC4CA2C189C1800242E9C /* Coffe Guide.app */;
			productType = "com.apple.product-type.application";
		};
/* End PBXNativeTarget section */

/* Begin PBXProject section */
		EB9CC4C22C189C1800242E9C /* Project object */ = {
			isa = PBXProject;
			attributes = {
				BuildIndependentTargetsInParallel = 1;
				LastSwiftUpdateCheck = 1420;
				LastUpgradeCheck = 1420;
				TargetAttributes = {
					EB9CC4C92C189C1800242E9C = {
						CreatedOnToolsVersion = 14.2;
					};
				};
			};
			buildConfigurationList = EB9CC4C52C189C1800242E9C /* Build configuration list for PBXProject "Coffe Guide" */;
			compatibilityVersion = "Xcode 14.0";
			developmentRegion = en;
			hasScannedForEncodings = 0;
			knownRegions = (
				en,
				Base,
			);
			mainGroup = EB9CC4C12C189C1800242E9C;
			productRefGroup = EB9CC4CB2C189C1800242E9C /* Products */;
			projectDirPath = "";
			projectRoot = "";
			targets = (
				EB9CC4C92C189C1800242E9C /* Coffe Guide */,
			);
		};
/* End PBXProject section */

/* Begin PBXResourcesBuildPhase section */
		EB9CC4C82C189C1800242E9C /* Resources */ = {
			isa = PBXResourcesBuildPhase;
			buildActionMask = 2147483647;
			files = (
				EB9CC4D52C189C1900242E9C /* Preview Assets.xcassets in Resources */,
				EB9CC4D22C189C1900242E9C /* Assets.xcassets in Resources */,
			);
			runOnlyForDeploymentPostprocessing = 0;
		};
/* End PBXResourcesBuildPhase section */

/* Begin PBXSourcesBuildPhase section */
		EB9CC4C62C189C1800242E9C /* Sources */ = {
			isa = PBXSourcesBuildPhase;
			buildActionMask = 2147483647;
			files = (
				EBA1161B2C29BC3D006ACA66 /* CoffeListView.swift in Sources */,
				EB9CC4D02C189C1800242E9C /* CoffeeTypesListView.swift in Sources */,
				EB9CC4CE2C189C1800242E9C /* Coffe_GuideApp.swift in Sources */,
				EBA116132C29BA1B006ACA66 /* Recipe.swift in Sources */,
				EBA116152C29BA35006ACA66 /* Coffee.swift in Sources */,
				EBA116192C29BAB3006ACA66 /* CoffeViewModel.swift in Sources */,
				EBA116172C29BA42006ACA66 /* CoffeType.swift in Sources */,
				EBA1161D2C29BCC1006ACA66 /* RecipeDetailView.swift in Sources */,
			);
			runOnlyForDeploymentPostprocessing = 0;
		};
/* End PBXSourcesBuildPhase section */

/* Begin XCBuildConfiguration section */
		EB9CC4D62C189C1900242E9C /* Debug */ = {
			isa = XCBuildConfiguration;
			buildSettings = {
				ALWAYS_SEARCH_USER_PATHS = NO;
				CLANG_ANALYZER_NONNULL = YES;
				CLANG_ANALYZER_NUMBER_OBJECT_CONVERSION = YES_AGGRESSIVE;
				CLANG_CXX_LANGUAGE_STANDARD = "gnu++20";
				CLANG_ENABLE_MODULES = YES;
				CLANG_ENABLE_OBJC_ARC = YES;
				CLANG_ENABLE_OBJC_WEAK = YES;
				CLANG_WARN_BLOCK_CAPTURE_AUTORELEASING = YES;
				CLANG_WARN_BOOL_CONVERSION = YES;
				CLANG_WARN_COMMA = YES;
				CLANG_WARN_CONSTANT_CONVERSION = YES;
				CLANG_WARN_DEPRECATED_OBJC_IMPLEMENTATIONS = YES;
				CLANG_WARN_DIRECT_OBJC_ISA_USAGE = YES_ERROR;
				CLANG_WARN_DOCUMENTATION_COMMENTS = YES;
				CLANG_WARN_EMPTY_BODY = YES;
				CLANG_WARN_ENUM_CONVERSION = YES;
				CLANG_WARN_INFINITE_RECURSION = YES;
				CLANG_WARN_INT_CONVERSION = YES;
				CLANG_WARN_NON_LITERAL_NULL_CONVERSION = YES;
				CLANG_WARN_OBJC_IMPLICIT_RETAIN_SELF = YES;
				CLANG_WARN_OBJC_LITERAL_CONVERSION = YES;
				CLANG_WARN_OBJC_ROOT_CLASS = YES_ERROR;
				CLANG_WARN_QUOTED_INCLUDE_IN_FRAMEWORK_HEADER = YES;
				CLANG_WARN_RANGE_LOOP_ANALYSIS = YES;
				CLANG_WARN_STRICT_PROTOTYPES = YES;
				CLANG_WARN_SUSPICIOUS_MOVE = YES;
				CLANG_WARN_UNGUARDED_AVAILABILITY = YES_AGGRESSIVE;
				CLANG_WARN_UNREACHABLE_CODE = YES;
				CLANG_WARN__DUPLICATE_METHOD_MATCH = YES;
				COPY_PHASE_STRIP = NO;
				DEBUG_INFORMATION_FORMAT = dwarf;
				ENABLE_STRICT_OBJC_MSGSEND = YES;
				ENABLE_TESTABILITY = YES;
				GCC_C_LANGUAGE_STANDARD = gnu11;
				GCC_DYNAMIC_NO_PIC = NO;
				GCC_NO_COMMON_BLOCKS = YES;
				GCC_OPTIMIZATION_LEVEL = 0;
				GCC_PREPROCESSOR_DEFINITIONS = (
					"DEBUG=1",
					"$(inherited)",
				);
				GCC_WARN_64_TO_32_BIT_CONVERSION = YES;
				GCC_WARN_ABOUT_RETURN_TYPE = YES_ERROR;
				GCC_WARN_UNDECLARED_SELECTOR = YES;
				GCC_WARN_UNINITIALIZED_AUTOS = YES_AGGRESSIVE;
				GCC_WARN_UNUSED_FUNCTION = YES;
				GCC_WARN_UNUSED_VARIABLE = YES;
				IPHONEOS_DEPLOYMENT_TARGET = 16.2;
				MTL_ENABLE_DEBUG_INFO = INCLUDE_SOURCE;
				MTL_FAST_MATH = YES;
				ONLY_ACTIVE_ARCH = YES;
				SDKROOT = iphoneos;
				SWIFT_ACTIVE_COMPILATION_CONDITIONS = DEBUG;
				SWIFT_OPTIMIZATION_LEVEL = "-Onone";
			};
			name = Debug;
		};
		EB9CC4D72C189C1900242E9C /* Release */ = {
			isa = XCBuildConfiguration;
			buildSettings = {
				ALWAYS_SEARCH_USER_PATHS = NO;
				CLANG_ANALYZER_NONNULL = YES;
				CLANG_ANALYZER_NUMBER_OBJECT_CONVERSION = YES_AGGRESSIVE;
				CLANG_CXX_LANGUAGE_STANDARD = "gnu++20";
				CLANG_ENABLE_MODULES = YES;
				CLANG_ENABLE_OBJC_ARC = YES;
				CLANG_ENABLE_OBJC_WEAK = YES;
				CLANG_WARN_BLOCK_CAPTURE_AUTORELEASING = YES;
				CLANG_WARN_BOOL_CONVERSION = YES;
				CLANG_WARN_COMMA = YES;
				CLANG_WARN_CONSTANT_CONVERSION = YES;
				CLANG_WARN_DEPRECATED_OBJC_IMPLEMENTATIONS = YES;
				CLANG_WARN_DIRECT_OBJC_ISA_USAGE = YES_ERROR;
				CLANG_WARN_DOCUMENTATION_COMMENTS = YES;
				CLANG_WARN_EMPTY_BODY = YES;
				CLANG_WARN_ENUM_CONVERSION = YES;
				CLANG_WARN_INFINITE_RECURSION = YES;
				CLANG_WARN_INT_CONVERSION = YES;
				CLANG_WARN_NON_LITERAL_NULL_CONVERSION = YES;
				CLANG_WARN_OBJC_IMPLICIT_RETAIN_SELF = YES;
				CLANG_WARN_OBJC_LITERAL_CONVERSION = YES;
				CLANG_WARN_OBJC_ROOT_CLASS = YES_ERROR;
				CLANG_WARN_QUOTED_INCLUDE_IN_FRAMEWORK_HEADER = YES;
				CLANG_WARN_RANGE_LOOP_ANALYSIS = YES;
				CLANG_WARN_STRICT_PROTOTYPES = YES;
				CLANG_WARN_SUSPICIOUS_MOVE = YES;
				CLANG_WARN_UNGUARDED_AVAILABILITY = YES_AGGRESSIVE;
				CLANG_WARN_UNREACHABLE_CODE = YES;
				CLANG_WARN__DUPLICATE_METHOD_MATCH = YES;
				COPY_PHASE_STRIP = NO;
				DEBUG_INFORMATION_FORMAT = "dwarf-with-dsym";
				ENABLE_NS_ASSERTIONS = NO;
				ENABLE_STRICT_OBJC_MSGSEND = YES;
				GCC_C_LANGUAGE_STANDARD = gnu11;
				GCC_NO_COMMON_BLOCKS = YES;
				GCC_WARN_64_TO_32_BIT_CONVERSION = YES;
				GCC_WARN_ABOUT_RETURN_TYPE = YES_ERROR;
				GCC_WARN_UNDECLARED_SELECTOR = YES;
				GCC_WARN_UNINITIALIZED_AUTOS = YES_AGGRESSIVE;
				GCC_WARN_UNUSED_FUNCTION = YES;
				GCC_WARN_UNUSED_VARIABLE = YES;
				IPHONEOS_DEPLOYMENT_TARGET = 16.2;
				MTL_ENABLE_DEBUG_INFO = NO;
				MTL_FAST_MATH = YES;
				SDKROOT = iphoneos;
				SWIFT_COMPILATION_MODE = wholemodule;
				SWIFT_OPTIMIZATION_LEVEL = "-O";
				VALIDATE_PRODUCT = YES;
			};
			name = Release;
		};
		EB9CC4D92C189C1900242E9C /* Debug */ = {
			isa = XCBuildConfiguration;
			buildSettings = {
				ASSETCATALOG_COMPILER_APPICON_NAME = AppIcon;
				ASSETCATALOG_COMPILER_GLOBAL_ACCENT_COLOR_NAME = AccentColor;
				CODE_SIGN_STYLE = Automatic;
				CURRENT_PROJECT_VERSION = 1;
				DEVELOPMENT_ASSET_PATHS = "\"Coffe Guide/Preview Content\"";
				DEVELOPMENT_TEAM = A7P92PH4B4;
				ENABLE_PREVIEWS = YES;
				GENERATE_INFOPLIST_FILE = YES;
				INFOPLIST_KEY_UIApplicationSceneManifest_Generation = YES;
				INFOPLIST_KEY_UIApplicationSupportsIndirectInputEvents = YES;
				INFOPLIST_KEY_UILaunchScreen_Generation = YES;
				INFOPLIST_KEY_UISupportedInterfaceOrientations_iPad = "UIInterfaceOrientationPortrait UIInterfaceOrientationPortraitUpsideDown UIInterfaceOrientationLandscapeLeft UIInterfaceOrientationLandscapeRight";
				INFOPLIST_KEY_UISupportedInterfaceOrientations_iPhone = "UIInterfaceOrientationPortrait UIInterfaceOrientationLandscapeLeft UIInterfaceOrientationLandscapeRight";
				LD_RUNPATH_SEARCH_PATHS = (
					"$(inherited)",
					"@executable_path/Frameworks",
				);
				MARKETING_VERSION = 1.0;
				PRODUCT_BUNDLE_IDENTIFIER = "com.sualpdanaci.Coffe-Guide";
				PRODUCT_NAME = "$(TARGET_NAME)";
				SWIFT_EMIT_LOC_STRINGS = YES;
				SWIFT_VERSION = 5.0;
				TARGETED_DEVICE_FAMILY = "1,2";
			};
			name = Debug;
		};
		EB9CC4DA2C189C1900242E9C /* Release */ = {
			isa = XCBuildConfiguration;
			buildSettings = {
				ASSETCATALOG_COMPILER_APPICON_NAME = AppIcon;
				ASSETCATALOG_COMPILER_GLOBAL_ACCENT_COLOR_NAME = AccentColor;
				CODE_SIGN_STYLE = Automatic;
				CURRENT_PROJECT_VERSION = 1;
				DEVELOPMENT_ASSET_PATHS = "\"Coffe Guide/Preview Content\"";
				DEVELOPMENT_TEAM = A7P92PH4B4;
				ENABLE_PREVIEWS = YES;
				GENERATE_INFOPLIST_FILE = YES;
				INFOPLIST_KEY_UIApplicationSceneManifest_Generation = YES;
				INFOPLIST_KEY_UIApplicationSupportsIndirectInputEvents = YES;
				INFOPLIST_KEY_UILaunchScreen_Generation = YES;
				INFOPLIST_KEY_UISupportedInterfaceOrientations_iPad = "UIInterfaceOrientationPortrait UIInterfaceOrientationPortraitUpsideDown UIInterfaceOrientationLandscapeLeft UIInterfaceOrientationLandscapeRight";
				INFOPLIST_KEY_UISupportedInterfaceOrientations_iPhone = "UIInterfaceOrientationPortrait UIInterfaceOrientationLandscapeLeft UIInterfaceOrientationLandscapeRight";
				LD_RUNPATH_SEARCH_PATHS = (
					"$(inherited)",
					"@executable_path/Frameworks",
				);
				MARKETING_VERSION = 1.0;
				PRODUCT_BUNDLE_IDENTIFIER = "com.sualpdanaci.Coffe-Guide";
				PRODUCT_NAME = "$(TARGET_NAME)";
				SWIFT_EMIT_LOC_STRINGS = YES;
				SWIFT_VERSION = 5.0;
				TARGETED_DEVICE_FAMILY = "1,2";
			};
			name = Release;
		};
/* End XCBuildConfiguration section */

/* Begin XCConfigurationList section */
		EB9CC4C52C189C1800242E9C /* Build configuration list for PBXProject "Coffe Guide" */ = {
			isa = XCConfigurationList;
			buildConfigurations = (
				EB9CC4D62C189C1900242E9C /* Debug */,
				EB9CC4D72C189C1900242E9C /* Release */,
			);
			defaultConfigurationIsVisible = 0;
			defaultConfigurationName = Release;
		};
		EB9CC4D82C189C1900242E9C /* Build configuration list for PBXNativeTarget "Coffe Guide" */ = {
			isa = XCConfigurationList;
			buildConfigurations = (
				EB9CC4D92C189C1900242E9C /* Debug */,
				EB9CC4DA2C189C1900242E9C /* Release */,
			);
			defaultConfigurationIsVisible = 0;
			defaultConfigurationName = Release;
		};
/* End XCConfigurationList section */
	};
	rootObject = EB9CC4C22C189C1800242E9C /* Project object */;
}
